// !$*UTF8*$!
{
	archiveVersion = 1;
	classes = {
	};
	objectVersion = 46;
	objects = {

/* Begin PBXBuildFile section */
		6410FF0618F9BA4600DACFBE /* InfoPlist.strings in Resources */ = {isa = PBXBuildFile; fileRef = 6410FF0418F9BA4600DACFBE /* InfoPlist.strings */; };
		6410FF0818F9BA4600DACFBE /* main.m in Sources */ = {isa = PBXBuildFile; fileRef = 6410FF0718F9BA4600DACFBE /* main.m */; };
		6410FF0C18F9BA4600DACFBE /* AppDelegate.m in Sources */ = {isa = PBXBuildFile; fileRef = 6410FF0B18F9BA4600DACFBE /* AppDelegate.m */; };
		6410FF0F18F9BA4600DACFBE /* Main.storyboard in Resources */ = {isa = PBXBuildFile; fileRef = 6410FF0D18F9BA4600DACFBE /* Main.storyboard */; };
		6410FF1218F9BA4700DACFBE /* ViewController.m in Sources */ = {isa = PBXBuildFile; fileRef = 6410FF1118F9BA4700DACFBE /* ViewController.m */; };
		6410FF1418F9BA4700DACFBE /* Images.xcassets in Resources */ = {isa = PBXBuildFile; fileRef = 6410FF1318F9BA4700DACFBE /* Images.xcassets */; };
		6410FF1B18F9BA4700DACFBE /* XCTest.framework in Frameworks */ = {isa = PBXBuildFile; fileRef = 6410FF1A18F9BA4700DACFBE /* XCTest.framework */; };
		6410FF1C18F9BA4700DACFBE /* Foundation.framework in Frameworks */ = {isa = PBXBuildFile; fileRef = 6410FEFB18F9BA4600DACFBE /* Foundation.framework */; };
		6410FF1D18F9BA4700DACFBE /* UIKit.framework in Frameworks */ = {isa = PBXBuildFile; fileRef = 6410FEFF18F9BA4600DACFBE /* UIKit.framework */; };
		6410FF2518F9BA4700DACFBE /* InfoPlist.strings in Resources */ = {isa = PBXBuildFile; fileRef = 6410FF2318F9BA4700DACFBE /* InfoPlist.strings */; };
		6410FF2718F9BA4700DACFBE /* Music_TweetTests.m in Sources */ = {isa = PBXBuildFile; fileRef = 6410FF2618F9BA4700DACFBE /* Music_TweetTests.m */; };
		6410FF3318F9BAD000DACFBE /* MediaPlayer.framework in Frameworks */ = {isa = PBXBuildFile; fileRef = 6410FF3218F9BAD000DACFBE /* MediaPlayer.framework */; };
		641226581ED4F4C800ACE1AA /* TDOAuth.m in Sources */ = {isa = PBXBuildFile; fileRef = 641226571ED4F4C700ACE1AA /* TDOAuth.m */; };
		64D85EB21ED5ACE200547615 /* Interface.storyboard in Resources */ = {isa = PBXBuildFile; fileRef = 64D85EB01ED5ACE200547615 /* Interface.storyboard */; };
		64D85EB41ED5ACE200547615 /* Assets.xcassets in Resources */ = {isa = PBXBuildFile; fileRef = 64D85EB31ED5ACE200547615 /* Assets.xcassets */; };
		64D85EBB1ED5ACE200547615 /* Watch-Tweet Extension.appex in Embed App Extensions */ = {isa = PBXBuildFile; fileRef = 64D85EBA1ED5ACE200547615 /* Watch-Tweet Extension.appex */; settings = {ATTRIBUTES = (RemoveHeadersOnCopy, ); }; };
		64D85EC01ED5ACE200547615 /* InterfaceController.swift in Sources */ = {isa = PBXBuildFile; fileRef = 64D85EBF1ED5ACE200547615 /* InterfaceController.swift */; };
		64D85EC21ED5ACE200547615 /* ExtensionDelegate.swift in Sources */ = {isa = PBXBuildFile; fileRef = 64D85EC11ED5ACE200547615 /* ExtensionDelegate.swift */; };
		64D85EC41ED5ACE200547615 /* Assets.xcassets in Resources */ = {isa = PBXBuildFile; fileRef = 64D85EC31ED5ACE200547615 /* Assets.xcassets */; };
		64D85EC81ED5ACE200547615 /* Watch-Tweet.app in Embed Watch Content */ = {isa = PBXBuildFile; fileRef = 64D85EAE1ED5ACE200547615 /* Watch-Tweet.app */; };
		64D85ED41ED5C30400547615 /* ConnectivityHandler.m in Sources */ = {isa = PBXBuildFile; fileRef = 64D85ED31ED5C30400547615 /* ConnectivityHandler.m */; };
/* End PBXBuildFile section */

/* Begin PBXContainerItemProxy section */
		6410FF1E18F9BA4700DACFBE /* PBXContainerItemProxy */ = {
			isa = PBXContainerItemProxy;
			containerPortal = 6410FEF018F9BA4600DACFBE /* Project object */;
			proxyType = 1;
			remoteGlobalIDString = 6410FEF718F9BA4600DACFBE;
			remoteInfo = "Music Tweet";
		};
		64D85EBC1ED5ACE200547615 /* PBXContainerItemProxy */ = {
			isa = PBXContainerItemProxy;
			containerPortal = 6410FEF018F9BA4600DACFBE /* Project object */;
			proxyType = 1;
			remoteGlobalIDString = 64D85EB91ED5ACE200547615;
			remoteInfo = "Watch-Tweet Extension";
		};
		64D85EC61ED5ACE200547615 /* PBXContainerItemProxy */ = {
			isa = PBXContainerItemProxy;
			containerPortal = 6410FEF018F9BA4600DACFBE /* Project object */;
			proxyType = 1;
			remoteGlobalIDString = 64D85EAD1ED5ACE200547615;
			remoteInfo = "Watch-Tweet";
		};
/* End PBXContainerItemProxy section */

/* Begin PBXCopyFilesBuildPhase section */
		64D85ECE1ED5ACE200547615 /* Embed App Extensions */ = {
			isa = PBXCopyFilesBuildPhase;
			buildActionMask = 2147483647;
			dstPath = "";
			dstSubfolderSpec = 13;
			files = (
				64D85EBB1ED5ACE200547615 /* Watch-Tweet Extension.appex in Embed App Extensions */,
			);
			name = "Embed App Extensions";
			runOnlyForDeploymentPostprocessing = 0;
		};
		64D85ED01ED5ACE200547615 /* Embed Watch Content */ = {
			isa = PBXCopyFilesBuildPhase;
			buildActionMask = 2147483647;
			dstPath = "$(CONTENTS_FOLDER_PATH)/Watch";
			dstSubfolderSpec = 16;
			files = (
				64D85EC81ED5ACE200547615 /* Watch-Tweet.app in Embed Watch Content */,
			);
			name = "Embed Watch Content";
			runOnlyForDeploymentPostprocessing = 0;
		};
/* End PBXCopyFilesBuildPhase section */

/* Begin PBXFileReference section */
		6410FEF818F9BA4600DACFBE /* Music Tweet.app */ = {isa = PBXFileReference; explicitFileType = wrapper.application; includeInIndex = 0; path = "Music Tweet.app"; sourceTree = BUILT_PRODUCTS_DIR; };
		6410FEFB18F9BA4600DACFBE /* Foundation.framework */ = {isa = PBXFileReference; lastKnownFileType = wrapper.framework; name = Foundation.framework; path = System/Library/Frameworks/Foundation.framework; sourceTree = SDKROOT; };
		6410FEFD18F9BA4600DACFBE /* CoreGraphics.framework */ = {isa = PBXFileReference; lastKnownFileType = wrapper.framework; name = CoreGraphics.framework; path = System/Library/Frameworks/CoreGraphics.framework; sourceTree = SDKROOT; };
		6410FEFF18F9BA4600DACFBE /* UIKit.framework */ = {isa = PBXFileReference; lastKnownFileType = wrapper.framework; name = UIKit.framework; path = System/Library/Frameworks/UIKit.framework; sourceTree = SDKROOT; };
		6410FF0318F9BA4600DACFBE /* Music Tweet-Info.plist */ = {isa = PBXFileReference; lastKnownFileType = text.plist.xml; path = "Music Tweet-Info.plist"; sourceTree = "<group>"; };
		6410FF0518F9BA4600DACFBE /* en */ = {isa = PBXFileReference; lastKnownFileType = text.plist.strings; name = en; path = en.lproj/InfoPlist.strings; sourceTree = "<group>"; };
		6410FF0718F9BA4600DACFBE /* main.m */ = {isa = PBXFileReference; lastKnownFileType = sourcecode.c.objc; path = main.m; sourceTree = "<group>"; };
		6410FF0918F9BA4600DACFBE /* Music Tweet-Prefix.pch */ = {isa = PBXFileReference; lastKnownFileType = sourcecode.c.h; path = "Music Tweet-Prefix.pch"; sourceTree = "<group>"; };
		6410FF0A18F9BA4600DACFBE /* AppDelegate.h */ = {isa = PBXFileReference; lastKnownFileType = sourcecode.c.h; path = AppDelegate.h; sourceTree = "<group>"; };
		6410FF0B18F9BA4600DACFBE /* AppDelegate.m */ = {isa = PBXFileReference; lastKnownFileType = sourcecode.c.objc; path = AppDelegate.m; sourceTree = "<group>"; };
		6410FF0E18F9BA4600DACFBE /* Base */ = {isa = PBXFileReference; lastKnownFileType = file.storyboard; name = Base; path = Base.lproj/Main.storyboard; sourceTree = "<group>"; };
		6410FF1018F9BA4600DACFBE /* ViewController.h */ = {isa = PBXFileReference; lastKnownFileType = sourcecode.c.h; path = ViewController.h; sourceTree = "<group>"; };
		6410FF1118F9BA4700DACFBE /* ViewController.m */ = {isa = PBXFileReference; lastKnownFileType = sourcecode.c.objc; path = ViewController.m; sourceTree = "<group>"; };
		6410FF1318F9BA4700DACFBE /* Images.xcassets */ = {isa = PBXFileReference; lastKnownFileType = folder.assetcatalog; path = Images.xcassets; sourceTree = "<group>"; };
		6410FF1918F9BA4700DACFBE /* Music TweetTests.xctest */ = {isa = PBXFileReference; explicitFileType = wrapper.cfbundle; includeInIndex = 0; path = "Music TweetTests.xctest"; sourceTree = BUILT_PRODUCTS_DIR; };
		6410FF1A18F9BA4700DACFBE /* XCTest.framework */ = {isa = PBXFileReference; lastKnownFileType = wrapper.framework; name = XCTest.framework; path = Library/Frameworks/XCTest.framework; sourceTree = DEVELOPER_DIR; };
		6410FF2218F9BA4700DACFBE /* Music TweetTests-Info.plist */ = {isa = PBXFileReference; lastKnownFileType = text.plist.xml; path = "Music TweetTests-Info.plist"; sourceTree = "<group>"; };
		6410FF2418F9BA4700DACFBE /* en */ = {isa = PBXFileReference; lastKnownFileType = text.plist.strings; name = en; path = en.lproj/InfoPlist.strings; sourceTree = "<group>"; };
		6410FF2618F9BA4700DACFBE /* Music_TweetTests.m */ = {isa = PBXFileReference; lastKnownFileType = sourcecode.c.objc; path = Music_TweetTests.m; sourceTree = "<group>"; };
		6410FF3018F9BA6800DACFBE /* Social.framework */ = {isa = PBXFileReference; lastKnownFileType = wrapper.framework; name = Social.framework; path = System/Library/Frameworks/Social.framework; sourceTree = SDKROOT; };
		6410FF3218F9BAD000DACFBE /* MediaPlayer.framework */ = {isa = PBXFileReference; lastKnownFileType = wrapper.framework; name = MediaPlayer.framework; path = System/Library/Frameworks/MediaPlayer.framework; sourceTree = SDKROOT; };
		641226551ED2550700ACE1AA /* Secrets.h */ = {isa = PBXFileReference; lastKnownFileType = sourcecode.c.h; path = Secrets.h; sourceTree = "<group>"; };
		641226561ED4F4C700ACE1AA /* TDOAuth.h */ = {isa = PBXFileReference; fileEncoding = 4; lastKnownFileType = sourcecode.c.h; path = TDOAuth.h; sourceTree = "<group>"; };
		641226571ED4F4C700ACE1AA /* TDOAuth.m */ = {isa = PBXFileReference; fileEncoding = 4; lastKnownFileType = sourcecode.c.objc; path = TDOAuth.m; sourceTree = "<group>"; };
		64D85EAE1ED5ACE200547615 /* Watch-Tweet.app */ = {isa = PBXFileReference; explicitFileType = wrapper.application; includeInIndex = 0; path = "Watch-Tweet.app"; sourceTree = BUILT_PRODUCTS_DIR; };
		64D85EB11ED5ACE200547615 /* Base */ = {isa = PBXFileReference; lastKnownFileType = file.storyboard; name = Base; path = Base.lproj/Interface.storyboard; sourceTree = "<group>"; };
		64D85EB31ED5ACE200547615 /* Assets.xcassets */ = {isa = PBXFileReference; lastKnownFileType = folder.assetcatalog; path = Assets.xcassets; sourceTree = "<group>"; };
		64D85EB51ED5ACE200547615 /* Info.plist */ = {isa = PBXFileReference; lastKnownFileType = text.plist.xml; path = Info.plist; sourceTree = "<group>"; };
		64D85EBA1ED5ACE200547615 /* Watch-Tweet Extension.appex */ = {isa = PBXFileReference; explicitFileType = "wrapper.app-extension"; includeInIndex = 0; path = "Watch-Tweet Extension.appex"; sourceTree = BUILT_PRODUCTS_DIR; };
		64D85EBF1ED5ACE200547615 /* InterfaceController.swift */ = {isa = PBXFileReference; lastKnownFileType = sourcecode.swift; path = InterfaceController.swift; sourceTree = "<group>"; };
		64D85EC11ED5ACE200547615 /* ExtensionDelegate.swift */ = {isa = PBXFileReference; lastKnownFileType = sourcecode.swift; path = ExtensionDelegate.swift; sourceTree = "<group>"; };
		64D85EC31ED5ACE200547615 /* Assets.xcassets */ = {isa = PBXFileReference; lastKnownFileType = folder.assetcatalog; path = Assets.xcassets; sourceTree = "<group>"; };
		64D85EC51ED5ACE200547615 /* Info.plist */ = {isa = PBXFileReference; lastKnownFileType = text.plist.xml; path = Info.plist; sourceTree = "<group>"; };
		64D85ED21ED5C30400547615 /* ConnectivityHandler.h */ = {isa = PBXFileReference; fileEncoding = 4; lastKnownFileType = sourcecode.c.h; path = ConnectivityHandler.h; sourceTree = "<group>"; };
		64D85ED31ED5C30400547615 /* ConnectivityHandler.m */ = {isa = PBXFileReference; fileEncoding = 4; lastKnownFileType = sourcecode.c.objc; path = ConnectivityHandler.m; sourceTree = "<group>"; };
/* End PBXFileReference section */

/* Begin PBXFrameworksBuildPhase section */
		6410FEF518F9BA4600DACFBE /* Frameworks */ = {
			isa = PBXFrameworksBuildPhase;
			buildActionMask = 2147483647;
			files = (
				6410FF3318F9BAD000DACFBE /* MediaPlayer.framework in Frameworks */,
			);
			runOnlyForDeploymentPostprocessing = 0;
		};
		6410FF1618F9BA4700DACFBE /* Frameworks */ = {
			isa = PBXFrameworksBuildPhase;
			buildActionMask = 2147483647;
			files = (
				6410FF1B18F9BA4700DACFBE /* XCTest.framework in Frameworks */,
				6410FF1D18F9BA4700DACFBE /* UIKit.framework in Frameworks */,
				6410FF1C18F9BA4700DACFBE /* Foundation.framework in Frameworks */,
			);
			runOnlyForDeploymentPostprocessing = 0;
		};
		64D85EB71ED5ACE200547615 /* Frameworks */ = {
			isa = PBXFrameworksBuildPhase;
			buildActionMask = 2147483647;
			files = (
			);
			runOnlyForDeploymentPostprocessing = 0;
		};
/* End PBXFrameworksBuildPhase section */

/* Begin PBXGroup section */
		6410FEEF18F9BA4600DACFBE = {
			isa = PBXGroup;
			children = (
				6410FF0118F9BA4600DACFBE /* Music Tweet */,
				6410FF2018F9BA4700DACFBE /* Music TweetTests */,
				64D85EAF1ED5ACE200547615 /* Watch-Tweet */,
				64D85EBE1ED5ACE200547615 /* Watch-Tweet Extension */,
				6410FEFA18F9BA4600DACFBE /* Frameworks */,
				6410FEF918F9BA4600DACFBE /* Products */,
			);
			sourceTree = "<group>";
		};
		6410FEF918F9BA4600DACFBE /* Products */ = {
			isa = PBXGroup;
			children = (
				6410FEF818F9BA4600DACFBE /* Music Tweet.app */,
				6410FF1918F9BA4700DACFBE /* Music TweetTests.xctest */,
				64D85EAE1ED5ACE200547615 /* Watch-Tweet.app */,
				64D85EBA1ED5ACE200547615 /* Watch-Tweet Extension.appex */,
			);
			name = Products;
			sourceTree = "<group>";
		};
		6410FEFA18F9BA4600DACFBE /* Frameworks */ = {
			isa = PBXGroup;
			children = (
				6410FF3218F9BAD000DACFBE /* MediaPlayer.framework */,
				6410FF3018F9BA6800DACFBE /* Social.framework */,
				6410FEFB18F9BA4600DACFBE /* Foundation.framework */,
				6410FEFD18F9BA4600DACFBE /* CoreGraphics.framework */,
				6410FEFF18F9BA4600DACFBE /* UIKit.framework */,
				6410FF1A18F9BA4700DACFBE /* XCTest.framework */,
			);
			name = Frameworks;
			sourceTree = "<group>";
		};
		6410FF0118F9BA4600DACFBE /* Music Tweet */ = {
			isa = PBXGroup;
			children = (
				6410FF0A18F9BA4600DACFBE /* AppDelegate.h */,
				6410FF0B18F9BA4600DACFBE /* AppDelegate.m */,
				64D85ED21ED5C30400547615 /* ConnectivityHandler.h */,
				64D85ED31ED5C30400547615 /* ConnectivityHandler.m */,
				6410FF0D18F9BA4600DACFBE /* Main.storyboard */,
				6410FF1018F9BA4600DACFBE /* ViewController.h */,
				6410FF1118F9BA4700DACFBE /* ViewController.m */,
				641226551ED2550700ACE1AA /* Secrets.h */,
				641226561ED4F4C700ACE1AA /* TDOAuth.h */,
				641226571ED4F4C700ACE1AA /* TDOAuth.m */,
				6410FF1318F9BA4700DACFBE /* Images.xcassets */,
				6410FF0218F9BA4600DACFBE /* Supporting Files */,
			);
			path = "Music Tweet";
			sourceTree = "<group>";
		};
		6410FF0218F9BA4600DACFBE /* Supporting Files */ = {
			isa = PBXGroup;
			children = (
				6410FF0318F9BA4600DACFBE /* Music Tweet-Info.plist */,
				6410FF0418F9BA4600DACFBE /* InfoPlist.strings */,
				6410FF0718F9BA4600DACFBE /* main.m */,
				6410FF0918F9BA4600DACFBE /* Music Tweet-Prefix.pch */,
			);
			name = "Supporting Files";
			sourceTree = "<group>";
		};
		6410FF2018F9BA4700DACFBE /* Music TweetTests */ = {
			isa = PBXGroup;
			children = (
				6410FF2618F9BA4700DACFBE /* Music_TweetTests.m */,
				6410FF2118F9BA4700DACFBE /* Supporting Files */,
			);
			path = "Music TweetTests";
			sourceTree = "<group>";
		};
		6410FF2118F9BA4700DACFBE /* Supporting Files */ = {
			isa = PBXGroup;
			children = (
				6410FF2218F9BA4700DACFBE /* Music TweetTests-Info.plist */,
				6410FF2318F9BA4700DACFBE /* InfoPlist.strings */,
			);
			name = "Supporting Files";
			sourceTree = "<group>";
		};
		64D85EAF1ED5ACE200547615 /* Watch-Tweet */ = {
			isa = PBXGroup;
			children = (
				64D85EB01ED5ACE200547615 /* Interface.storyboard */,
				64D85EB31ED5ACE200547615 /* Assets.xcassets */,
				64D85EB51ED5ACE200547615 /* Info.plist */,
			);
			path = "Watch-Tweet";
			sourceTree = "<group>";
		};
		64D85EBE1ED5ACE200547615 /* Watch-Tweet Extension */ = {
			isa = PBXGroup;
			children = (
				64D85EBF1ED5ACE200547615 /* InterfaceController.swift */,
				64D85EC11ED5ACE200547615 /* ExtensionDelegate.swift */,
				64D85EC31ED5ACE200547615 /* Assets.xcassets */,
				64D85EC51ED5ACE200547615 /* Info.plist */,
			);
			path = "Watch-Tweet Extension";
			sourceTree = "<group>";
		};
/* End PBXGroup section */

/* Begin PBXNativeTarget section */
		6410FEF718F9BA4600DACFBE /* Music Tweet */ = {
			isa = PBXNativeTarget;
			buildConfigurationList = 6410FF2A18F9BA4700DACFBE /* Build configuration list for PBXNativeTarget "Music Tweet" */;
			buildPhases = (
				6410FEF418F9BA4600DACFBE /* Sources */,
				6410FEF518F9BA4600DACFBE /* Frameworks */,
				6410FEF618F9BA4600DACFBE /* Resources */,
				64D85ED01ED5ACE200547615 /* Embed Watch Content */,
			);
			buildRules = (
			);
			dependencies = (
				64D85EC71ED5ACE200547615 /* PBXTargetDependency */,
			);
			name = "Music Tweet";
			productName = "Music Tweet";
			productReference = 6410FEF818F9BA4600DACFBE /* Music Tweet.app */;
			productType = "com.apple.product-type.application";
		};
		6410FF1818F9BA4700DACFBE /* Music TweetTests */ = {
			isa = PBXNativeTarget;
			buildConfigurationList = 6410FF2D18F9BA4700DACFBE /* Build configuration list for PBXNativeTarget "Music TweetTests" */;
			buildPhases = (
				6410FF1518F9BA4700DACFBE /* Sources */,
				6410FF1618F9BA4700DACFBE /* Frameworks */,
				6410FF1718F9BA4700DACFBE /* Resources */,
			);
			buildRules = (
			);
			dependencies = (
				6410FF1F18F9BA4700DACFBE /* PBXTargetDependency */,
			);
			name = "Music TweetTests";
			productName = "Music TweetTests";
			productReference = 6410FF1918F9BA4700DACFBE /* Music TweetTests.xctest */;
			productType = "com.apple.product-type.bundle.unit-test";
		};
		64D85EAD1ED5ACE200547615 /* Watch-Tweet */ = {
			isa = PBXNativeTarget;
			buildConfigurationList = 64D85ECF1ED5ACE200547615 /* Build configuration list for PBXNativeTarget "Watch-Tweet" */;
			buildPhases = (
				64D85EAC1ED5ACE200547615 /* Resources */,
				64D85ECE1ED5ACE200547615 /* Embed App Extensions */,
			);
			buildRules = (
			);
			dependencies = (
				64D85EBD1ED5ACE200547615 /* PBXTargetDependency */,
			);
			name = "Watch-Tweet";
			productName = "Watch-Tweet";
			productReference = 64D85EAE1ED5ACE200547615 /* Watch-Tweet.app */;
			productType = "com.apple.product-type.application.watchapp2";
		};
		64D85EB91ED5ACE200547615 /* Watch-Tweet Extension */ = {
			isa = PBXNativeTarget;
			buildConfigurationList = 64D85ECD1ED5ACE200547615 /* Build configuration list for PBXNativeTarget "Watch-Tweet Extension" */;
			buildPhases = (
				64D85EB61ED5ACE200547615 /* Sources */,
				64D85EB71ED5ACE200547615 /* Frameworks */,
				64D85EB81ED5ACE200547615 /* Resources */,
			);
			buildRules = (
			);
			dependencies = (
			);
			name = "Watch-Tweet Extension";
			productName = "Watch-Tweet Extension";
			productReference = 64D85EBA1ED5ACE200547615 /* Watch-Tweet Extension.appex */;
			productType = "com.apple.product-type.watchkit2-extension";
		};
/* End PBXNativeTarget section */

/* Begin PBXProject section */
		6410FEF018F9BA4600DACFBE /* Project object */ = {
			isa = PBXProject;
			attributes = {
				LastSwiftUpdateCheck = 0830;
				LastUpgradeCheck = 0830;
				ORGANIZATIONNAME = U969H3GXLU;
				TargetAttributes = {
					6410FEF718F9BA4600DACFBE = {
						DevelopmentTeam = 7HW87TV8LC;
					};
					6410FF1818F9BA4700DACFBE = {
						TestTargetID = 6410FEF718F9BA4600DACFBE;
					};
					64D85EAD1ED5ACE200547615 = {
						CreatedOnToolsVersion = 8.3.2;
						DevelopmentTeam = 7HW87TV8LC;
						ProvisioningStyle = Automatic;
					};
					64D85EB91ED5ACE200547615 = {
						CreatedOnToolsVersion = 8.3.2;
						DevelopmentTeam = 7HW87TV8LC;
						ProvisioningStyle = Automatic;
					};
				};
			};
			buildConfigurationList = 6410FEF318F9BA4600DACFBE /* Build configuration list for PBXProject "Music Tweet" */;
			compatibilityVersion = "Xcode 3.2";
			developmentRegion = English;
			hasScannedForEncodings = 0;
			knownRegions = (
				en,
				Base,
			);
			mainGroup = 6410FEEF18F9BA4600DACFBE;
			productRefGroup = 6410FEF918F9BA4600DACFBE /* Products */;
			projectDirPath = "";
			projectRoot = "";
			targets = (
				6410FEF718F9BA4600DACFBE /* Music Tweet */,
				6410FF1818F9BA4700DACFBE /* Music TweetTests */,
				64D85EAD1ED5ACE200547615 /* Watch-Tweet */,
				64D85EB91ED5ACE200547615 /* Watch-Tweet Extension */,
			);
		};
/* End PBXProject section */

/* Begin PBXResourcesBuildPhase section */
		6410FEF618F9BA4600DACFBE /* Resources */ = {
			isa = PBXResourcesBuildPhase;
			buildActionMask = 2147483647;
			files = (
				6410FF1418F9BA4700DACFBE /* Images.xcassets in Resources */,
				6410FF0618F9BA4600DACFBE /* InfoPlist.strings in Resources */,
				6410FF0F18F9BA4600DACFBE /* Main.storyboard in Resources */,
			);
			runOnlyForDeploymentPostprocessing = 0;
		};
		6410FF1718F9BA4700DACFBE /* Resources */ = {
			isa = PBXResourcesBuildPhase;
			buildActionMask = 2147483647;
			files = (
				6410FF2518F9BA4700DACFBE /* InfoPlist.strings in Resources */,
			);
			runOnlyForDeploymentPostprocessing = 0;
		};
		64D85EAC1ED5ACE200547615 /* Resources */ = {
			isa = PBXResourcesBuildPhase;
			buildActionMask = 2147483647;
			files = (
				64D85EB41ED5ACE200547615 /* Assets.xcassets in Resources */,
				64D85EB21ED5ACE200547615 /* Interface.storyboard in Resources */,
			);
			runOnlyForDeploymentPostprocessing = 0;
		};
		64D85EB81ED5ACE200547615 /* Resources */ = {
			isa = PBXResourcesBuildPhase;
			buildActionMask = 2147483647;
			files = (
				64D85EC41ED5ACE200547615 /* Assets.xcassets in Resources */,
			);
			runOnlyForDeploymentPostprocessing = 0;
		};
/* End PBXResourcesBuildPhase section */

/* Begin PBXSourcesBuildPhase section */
		6410FEF418F9BA4600DACFBE /* Sources */ = {
			isa = PBXSourcesBuildPhase;
			buildActionMask = 2147483647;
			files = (
				6410FF1218F9BA4700DACFBE /* ViewController.m in Sources */,
				641226581ED4F4C800ACE1AA /* TDOAuth.m in Sources */,
				6410FF0C18F9BA4600DACFBE /* AppDelegate.m in Sources */,
				64D85ED41ED5C30400547615 /* ConnectivityHandler.m in Sources */,
				6410FF0818F9BA4600DACFBE /* main.m in Sources */,
			);
			runOnlyForDeploymentPostprocessing = 0;
		};
		6410FF1518F9BA4700DACFBE /* Sources */ = {
			isa = PBXSourcesBuildPhase;
			buildActionMask = 2147483647;
			files = (
				6410FF2718F9BA4700DACFBE /* Music_TweetTests.m in Sources */,
			);
			runOnlyForDeploymentPostprocessing = 0;
		};
		64D85EB61ED5ACE200547615 /* Sources */ = {
			isa = PBXSourcesBuildPhase;
			buildActionMask = 2147483647;
			files = (
				64D85EC21ED5ACE200547615 /* ExtensionDelegate.swift in Sources */,
				64D85EC01ED5ACE200547615 /* InterfaceController.swift in Sources */,
			);
			runOnlyForDeploymentPostprocessing = 0;
		};
/* End PBXSourcesBuildPhase section */

/* Begin PBXTargetDependency section */
		6410FF1F18F9BA4700DACFBE /* PBXTargetDependency */ = {
			isa = PBXTargetDependency;
			target = 6410FEF718F9BA4600DACFBE /* Music Tweet */;
			targetProxy = 6410FF1E18F9BA4700DACFBE /* PBXContainerItemProxy */;
		};
		64D85EBD1ED5ACE200547615 /* PBXTargetDependency */ = {
			isa = PBXTargetDependency;
			target = 64D85EB91ED5ACE200547615 /* Watch-Tweet Extension */;
			targetProxy = 64D85EBC1ED5ACE200547615 /* PBXContainerItemProxy */;
		};
		64D85EC71ED5ACE200547615 /* PBXTargetDependency */ = {
			isa = PBXTargetDependency;
			target = 64D85EAD1ED5ACE200547615 /* Watch-Tweet */;
			targetProxy = 64D85EC61ED5ACE200547615 /* PBXContainerItemProxy */;
		};
/* End PBXTargetDependency section */

/* Begin PBXVariantGroup section */
		6410FF0418F9BA4600DACFBE /* InfoPlist.strings */ = {
			isa = PBXVariantGroup;
			children = (
				6410FF0518F9BA4600DACFBE /* en */,
			);
			name = InfoPlist.strings;
			sourceTree = "<group>";
		};
		6410FF0D18F9BA4600DACFBE /* Main.storyboard */ = {
			isa = PBXVariantGroup;
			children = (
				6410FF0E18F9BA4600DACFBE /* Base */,
			);
			name = Main.storyboard;
			sourceTree = "<group>";
		};
		6410FF2318F9BA4700DACFBE /* InfoPlist.strings */ = {
			isa = PBXVariantGroup;
			children = (
				6410FF2418F9BA4700DACFBE /* en */,
			);
			name = InfoPlist.strings;
			sourceTree = "<group>";
		};
		64D85EB01ED5ACE200547615 /* Interface.storyboard */ = {
			isa = PBXVariantGroup;
			children = (
				64D85EB11ED5ACE200547615 /* Base */,
			);
			name = Interface.storyboard;
			sourceTree = "<group>";
		};
/* End PBXVariantGroup section */

/* Begin XCBuildConfiguration section */
		6410FF2818F9BA4700DACFBE /* Debug */ = {
			isa = XCBuildConfiguration;
			buildSettings = {
				ALWAYS_SEARCH_USER_PATHS = NO;
				CLANG_CXX_LANGUAGE_STANDARD = "gnu++0x";
				CLANG_CXX_LIBRARY = "libc++";
				CLANG_ENABLE_MODULES = YES;
				CLANG_ENABLE_OBJC_ARC = YES;
				CLANG_WARN_BOOL_CONVERSION = YES;
				CLANG_WARN_CONSTANT_CONVERSION = YES;
				CLANG_WARN_DIRECT_OBJC_ISA_USAGE = YES_ERROR;
				CLANG_WARN_EMPTY_BODY = YES;
				CLANG_WARN_ENUM_CONVERSION = YES;
				CLANG_WARN_INFINITE_RECURSION = YES;
				CLANG_WARN_INT_CONVERSION = YES;
				CLANG_WARN_OBJC_ROOT_CLASS = YES_ERROR;
				CLANG_WARN_SUSPICIOUS_MOVE = YES;
				CLANG_WARN_UNREACHABLE_CODE = YES;
				CLANG_WARN__DUPLICATE_METHOD_MATCH = YES;
				"CODE_SIGN_IDENTITY[sdk=iphoneos*]" = "iPhone Developer";
				COPY_PHASE_STRIP = NO;
				ENABLE_STRICT_OBJC_MSGSEND = YES;
				ENABLE_TESTABILITY = YES;
				GCC_C_LANGUAGE_STANDARD = gnu99;
				GCC_DYNAMIC_NO_PIC = NO;
				GCC_NO_COMMON_BLOCKS = YES;
				GCC_OPTIMIZATION_LEVEL = 0;
				GCC_PREPROCESSOR_DEFINITIONS = (
					"DEBUG=1",
					"$(inherited)",
				);
				GCC_SYMBOLS_PRIVATE_EXTERN = NO;
				GCC_WARN_64_TO_32_BIT_CONVERSION = YES;
				GCC_WARN_ABOUT_RETURN_TYPE = YES_ERROR;
				GCC_WARN_UNDECLARED_SELECTOR = YES;
				GCC_WARN_UNINITIALIZED_AUTOS = YES_AGGRESSIVE;
				GCC_WARN_UNUSED_FUNCTION = YES;
				GCC_WARN_UNUSED_VARIABLE = YES;
				IPHONEOS_DEPLOYMENT_TARGET = 8.0;
				ONLY_ACTIVE_ARCH = YES;
				SDKROOT = iphoneos;
			};
			name = Debug;
		};
		6410FF2918F9BA4700DACFBE /* Release */ = {
			isa = XCBuildConfiguration;
			buildSettings = {
				ALWAYS_SEARCH_USER_PATHS = NO;
				CLANG_CXX_LANGUAGE_STANDARD = "gnu++0x";
				CLANG_CXX_LIBRARY = "libc++";
				CLANG_ENABLE_MODULES = YES;
				CLANG_ENABLE_OBJC_ARC = YES;
				CLANG_WARN_BOOL_CONVERSION = YES;
				CLANG_WARN_CONSTANT_CONVERSION = YES;
				CLANG_WARN_DIRECT_OBJC_ISA_USAGE = YES_ERROR;
				CLANG_WARN_EMPTY_BODY = YES;
				CLANG_WARN_ENUM_CONVERSION = YES;
				CLANG_WARN_INFINITE_RECURSION = YES;
				CLANG_WARN_INT_CONVERSION = YES;
				CLANG_WARN_OBJC_ROOT_CLASS = YES_ERROR;
				CLANG_WARN_SUSPICIOUS_MOVE = YES;
				CLANG_WARN_UNREACHABLE_CODE = YES;
				CLANG_WARN__DUPLICATE_METHOD_MATCH = YES;
				"CODE_SIGN_IDENTITY[sdk=iphoneos*]" = "iPhone Developer";
				COPY_PHASE_STRIP = YES;
				ENABLE_NS_ASSERTIONS = NO;
				ENABLE_STRICT_OBJC_MSGSEND = YES;
				GCC_C_LANGUAGE_STANDARD = gnu99;
				GCC_NO_COMMON_BLOCKS = YES;
				GCC_WARN_64_TO_32_BIT_CONVERSION = YES;
				GCC_WARN_ABOUT_RETURN_TYPE = YES_ERROR;
				GCC_WARN_UNDECLARED_SELECTOR = YES;
				GCC_WARN_UNINITIALIZED_AUTOS = YES_AGGRESSIVE;
				GCC_WARN_UNUSED_FUNCTION = YES;
				GCC_WARN_UNUSED_VARIABLE = YES;
				IPHONEOS_DEPLOYMENT_TARGET = 8.0;
				SDKROOT = iphoneos;
				VALIDATE_PRODUCT = YES;
			};
			name = Release;
		};
		6410FF2B18F9BA4700DACFBE /* Debug */ = {
			isa = XCBuildConfiguration;
			buildSettings = {
				ASSETCATALOG_COMPILER_APPICON_NAME = AppIcon;
				ASSETCATALOG_COMPILER_LAUNCHIMAGE_NAME = LaunchImage;
				CODE_SIGN_IDENTITY = "iPhone Developer";
				"CODE_SIGN_IDENTITY[sdk=iphoneos*]" = "iPhone Developer";
				GCC_PRECOMPILE_PREFIX_HEADER = YES;
				GCC_PREFIX_HEADER = "Music Tweet/Music Tweet-Prefix.pch";
				INFOPLIST_FILE = "Music Tweet/Music Tweet-Info.plist";
				IPHONEOS_DEPLOYMENT_TARGET = 10.3;
				PRODUCT_BUNDLE_IDENTIFIER = "com.tomn.$(PRODUCT_NAME:rfc1034identifier)";
				PRODUCT_NAME = "$(TARGET_NAME)";
				PROVISIONING_PROFILE = "";
				TARGETED_DEVICE_FAMILY = 1;
				WRAPPER_EXTENSION = app;
			};
			name = Debug;
		};
		6410FF2C18F9BA4700DACFBE /* Release */ = {
			isa = XCBuildConfiguration;
			buildSettings = {
				ASSETCATALOG_COMPILER_APPICON_NAME = AppIcon;
				ASSETCATALOG_COMPILER_LAUNCHIMAGE_NAME = LaunchImage;
				CODE_SIGN_IDENTITY = "iPhone Developer";
				"CODE_SIGN_IDENTITY[sdk=iphoneos*]" = "iPhone Developer";
				GCC_PRECOMPILE_PREFIX_HEADER = YES;
				GCC_PREFIX_HEADER = "Music Tweet/Music Tweet-Prefix.pch";
				INFOPLIST_FILE = "Music Tweet/Music Tweet-Info.plist";
				IPHONEOS_DEPLOYMENT_TARGET = 10.3;
				PRODUCT_BUNDLE_IDENTIFIER = "com.tomn.$(PRODUCT_NAME:rfc1034identifier)";
				PRODUCT_NAME = "$(TARGET_NAME)";
				PROVISIONING_PROFILE = "";
				TARGETED_DEVICE_FAMILY = 1;
				WRAPPER_EXTENSION = app;
			};
			name = Release;
		};
		6410FF2E18F9BA4700DACFBE /* Debug */ = {
			isa = XCBuildConfiguration;
			buildSettings = {
				BUNDLE_LOADER = "$(BUILT_PRODUCTS_DIR)/Music Tweet.app/Music Tweet";
				FRAMEWORK_SEARCH_PATHS = (
					"$(SDKROOT)/Developer/Library/Frameworks",
					"$(inherited)",
					"$(DEVELOPER_FRAMEWORKS_DIR)",
				);
				GCC_PRECOMPILE_PREFIX_HEADER = YES;
				GCC_PREFIX_HEADER = "Music Tweet/Music Tweet-Prefix.pch";
				GCC_PREPROCESSOR_DEFINITIONS = (
					"DEBUG=1",
					"$(inherited)",
				);
				INFOPLIST_FILE = "Music TweetTests/Music TweetTests-Info.plist";
				PRODUCT_BUNDLE_IDENTIFIER = "U969H3GXLU.${PRODUCT_NAME:rfc1034identifier}";
				PRODUCT_NAME = "$(TARGET_NAME)";
				TEST_HOST = "$(BUNDLE_LOADER)";
				WRAPPER_EXTENSION = xctest;
			};
			name = Debug;
		};
		6410FF2F18F9BA4700DACFBE /* Release */ = {
			isa = XCBuildConfiguration;
			buildSettings = {
				BUNDLE_LOADER = "$(BUILT_PRODUCTS_DIR)/Music Tweet.app/Music Tweet";
				FRAMEWORK_SEARCH_PATHS = (
					"$(SDKROOT)/Developer/Library/Frameworks",
					"$(inherited)",
					"$(DEVELOPER_FRAMEWORKS_DIR)",
				);
				GCC_PRECOMPILE_PREFIX_HEADER = YES;
				GCC_PREFIX_HEADER = "Music Tweet/Music Tweet-Prefix.pch";
				INFOPLIST_FILE = "Music TweetTests/Music TweetTests-Info.plist";
				PRODUCT_BUNDLE_IDENTIFIER = "U969H3GXLU.${PRODUCT_NAME:rfc1034identifier}";
				PRODUCT_NAME = "$(TARGET_NAME)";
				TEST_HOST = "$(BUNDLE_LOADER)";
				WRAPPER_EXTENSION = xctest;
			};
			name = Release;
		};
		64D85EC91ED5ACE200547615 /* Debug */ = {
			isa = XCBuildConfiguration;
			buildSettings = {
				ALWAYS_EMBED_SWIFT_STANDARD_LIBRARIES = YES;
				ASSETCATALOG_COMPILER_APPICON_NAME = AppIcon;
				CLANG_ANALYZER_NONNULL = YES;
				CLANG_ANALYZER_NUMBER_OBJECT_CONVERSION = YES_AGGRESSIVE;
				CLANG_WARN_DOCUMENTATION_COMMENTS = YES;
				CODE_SIGN_IDENTITY = "iPhone Developer";
				"CODE_SIGN_IDENTITY[sdk=iphoneos*]" = "iPhone Developer";
				DEBUG_INFORMATION_FORMAT = dwarf;
				DEVELOPMENT_TEAM = 7HW87TV8LC;
				IBSC_MODULE = Watch_Tweet_Extension;
				INFOPLIST_FILE = "Watch-Tweet/Info.plist";
				MTL_ENABLE_DEBUG_INFO = YES;
				PRODUCT_BUNDLE_IDENTIFIER = "com.tomn.Music-Tweet.watchkitapp";
				PRODUCT_NAME = "$(TARGET_NAME)";
				SDKROOT = watchos;
				SKIP_INSTALL = YES;
				SWIFT_ACTIVE_COMPILATION_CONDITIONS = DEBUG;
				SWIFT_OPTIMIZATION_LEVEL = "-Onone";
				SWIFT_VERSION = 3.0;
				TARGETED_DEVICE_FAMILY = 4;
				WATCHOS_DEPLOYMENT_TARGET = 3.2;
			};
			name = Debug;
		};
		64D85ECA1ED5ACE200547615 /* Release */ = {
			isa = XCBuildConfiguration;
			buildSettings = {
				ALWAYS_EMBED_SWIFT_STANDARD_LIBRARIES = YES;
				ASSETCATALOG_COMPILER_APPICON_NAME = AppIcon;
				CLANG_ANALYZER_NONNULL = YES;
				CLANG_ANALYZER_NUMBER_OBJECT_CONVERSION = YES_AGGRESSIVE;
				CLANG_WARN_DOCUMENTATION_COMMENTS = YES;
				CODE_SIGN_IDENTITY = "iPhone Developer";
				"CODE_SIGN_IDENTITY[sdk=iphoneos*]" = "iPhone Developer";
				COPY_PHASE_STRIP = NO;
				DEBUG_INFORMATION_FORMAT = "dwarf-with-dsym";
				DEVELOPMENT_TEAM = 7HW87TV8LC;
				IBSC_MODULE = Watch_Tweet_Extension;
				INFOPLIST_FILE = "Watch-Tweet/Info.plist";
				MTL_ENABLE_DEBUG_INFO = NO;
				PRODUCT_BUNDLE_IDENTIFIER = "com.tomn.Music-Tweet.watchkitapp";
				PRODUCT_NAME = "$(TARGET_NAME)";
				SDKROOT = watchos;
				SKIP_INSTALL = YES;
				SWIFT_OPTIMIZATION_LEVEL = "-Owholemodule";
				SWIFT_VERSION = 3.0;
				TARGETED_DEVICE_FAMILY = 4;
				WATCHOS_DEPLOYMENT_TARGET = 3.2;
			};
			name = Release;
		};
		64D85ECB1ED5ACE200547615 /* Debug */ = {
			isa = XCBuildConfiguration;
			buildSettings = {
				ASSETCATALOG_COMPILER_COMPLICATION_NAME = Complication;
				CLANG_ANALYZER_NONNULL = YES;
				CLANG_ANALYZER_NUMBER_OBJECT_CONVERSION = YES_AGGRESSIVE;
				CLANG_WARN_DOCUMENTATION_COMMENTS = YES;
				DEBUG_INFORMATION_FORMAT = dwarf;
				DEVELOPMENT_TEAM = 7HW87TV8LC;
				INFOPLIST_FILE = "Watch-Tweet Extension/Info.plist";
				LD_RUNPATH_SEARCH_PATHS = "$(inherited) @executable_path/Frameworks @executable_path/../../Frameworks";
				MTL_ENABLE_DEBUG_INFO = YES;
				PRODUCT_BUNDLE_IDENTIFIER = "com.tomn.Music-Tweet.watchkitapp.watchkitextension";
				PRODUCT_NAME = "${TARGET_NAME}";
				SDKROOT = watchos;
				SKIP_INSTALL = YES;
				SWIFT_ACTIVE_COMPILATION_CONDITIONS = DEBUG;
				SWIFT_OPTIMIZATION_LEVEL = "-Onone";
				SWIFT_VERSION = 3.0;
				TARGETED_DEVICE_FAMILY = 4;
				WATCHOS_DEPLOYMENT_TARGET = 3.2;
			};
			name = Debug;
		};
		64D85ECC1ED5ACE200547615 /* Release */ = {
			isa = XCBuildConfiguration;
			buildSettings = {
				ASSETCATALOG_COMPILER_COMPLICATION_NAME = Complication;
				CLANG_ANALYZER_NONNULL = YES;
				CLANG_ANALYZER_NUMBER_OBJECT_CONVERSION = YES_AGGRESSIVE;
				CLANG_WARN_DOCUMENTATION_COMMENTS = YES;
				COPY_PHASE_STRIP = NO;
				DEBUG_INFORMATION_FORMAT = "dwarf-with-dsym";
				DEVELOPMENT_TEAM = 7HW87TV8LC;
				INFOPLIST_FILE = "Watch-Tweet Extension/Info.plist";
				LD_RUNPATH_SEARCH_PATHS = "$(inherited) @executable_path/Frameworks @executable_path/../../Frameworks";
				MTL_ENABLE_DEBUG_INFO = NO;
				PRODUCT_BUNDLE_IDENTIFIER = "com.tomn.Music-Tweet.watchkitapp.watchkitextension";
				PRODUCT_NAME = "${TARGET_NAME}";
				SDKROOT = watchos;
				SKIP_INSTALL = YES;
				SWIFT_OPTIMIZATION_LEVEL = "-Owholemodule";
				SWIFT_VERSION = 3.0;
				TARGETED_DEVICE_FAMILY = 4;
				WATCHOS_DEPLOYMENT_TARGET = 3.2;
			};
			name = Release;
		};
/* End XCBuildConfiguration section */

/* Begin XCConfigurationList section */
		6410FEF318F9BA4600DACFBE /* Build configuration list for PBXProject "Music Tweet" */ = {
			isa = XCConfigurationList;
			buildConfigurations = (
				6410FF2818F9BA4700DACFBE /* Debug */,
				6410FF2918F9BA4700DACFBE /* Release */,
			);
			defaultConfigurationIsVisible = 0;
			defaultConfigurationName = Release;
		};
		6410FF2A18F9BA4700DACFBE /* Build configuration list for PBXNativeTarget "Music Tweet" */ = {
			isa = XCConfigurationList;
			buildConfigurations = (
				6410FF2B18F9BA4700DACFBE /* Debug */,
				6410FF2C18F9BA4700DACFBE /* Release */,
			);
			defaultConfigurationIsVisible = 0;
			defaultConfigurationName = Release;
		};
		6410FF2D18F9BA4700DACFBE /* Build configuration list for PBXNativeTarget "Music TweetTests" */ = {
			isa = XCConfigurationList;
			buildConfigurations = (
				6410FF2E18F9BA4700DACFBE /* Debug */,
				6410FF2F18F9BA4700DACFBE /* Release */,
			);
			defaultConfigurationIsVisible = 0;
			defaultConfigurationName = Release;
		};
		64D85ECD1ED5ACE200547615 /* Build configuration list for PBXNativeTarget "Watch-Tweet Extension" */ = {
			isa = XCConfigurationList;
			buildConfigurations = (
				64D85ECB1ED5ACE200547615 /* Debug */,
				64D85ECC1ED5ACE200547615 /* Release */,
			);
			defaultConfigurationIsVisible = 0;
			defaultConfigurationName = Release;
		};
		64D85ECF1ED5ACE200547615 /* Build configuration list for PBXNativeTarget "Watch-Tweet" */ = {
			isa = XCConfigurationList;
			buildConfigurations = (
				64D85EC91ED5ACE200547615 /* Debug */,
				64D85ECA1ED5ACE200547615 /* Release */,
			);
			defaultConfigurationIsVisible = 0;
			defaultConfigurationName = Release;
		};
/* End XCConfigurationList section */
	};
	rootObject = 6410FEF018F9BA4600DACFBE /* Project object */;
}
